{
  "name": "http-stress-requester-fastify",
  "version": "1.0.0",
  "lockfileVersion": 1,
  "requires": true,
  "dependencies": {
    "@types/node": {
      "version": "8.0.55",
      "resolved": "https://npm.lexana.com.br/@types%2fnode/-/node-8.0.55.tgz",
      "integrity": "sha512-K8w0FWNsIRcw615d/Et90wMRvLfg8XH1T77fC0xObbusE3+eXwnitdoF9j0CS9zBt8A57J/TKgRVe7RX9ZlT1g=="
    },
    "@types/pino": {
      "version": "4.7.0",
      "resolved": "https://npm.lexana.com.br/@types%2fpino/-/pino-4.7.0.tgz",
      "integrity": "sha512-aPHbxwzPb6xjT6nXEQevAZPvxM7niraWxFcxxk15ZMXJkYZVaQbTePMP/Yucu1diQADfGQJEGxhVvTxESQFCfA==",
      "requires": {
        "@types/node": "8.0.55"
      }
    },
    "abstract-logging": {
      "version": "1.0.0",
      "resolved": "https://npm.lexana.com.br/abstract-logging/-/abstract-logging-1.0.0.tgz",
      "integrity": "sha1-i33q/TEFWbwo93ck3RuzAXcnjBs="
    },
    "ajv": {
      "version": "5.5.1",
      "resolved": "https://npm.lexana.com.br/ajv/-/ajv-5.5.1.tgz",
      "integrity": "sha1-s4u4h22ehr7plJVqBOch6IskjrI=",
      "requires": {
        "co": "4.6.0",
        "fast-deep-equal": "1.0.0",
        "fast-json-stable-stringify": "2.0.0",
        "json-schema-traverse": "0.3.1"
      }
    },
    "ansi-align": {
      "version": "2.0.0",
      "resolved": "https://npm.lexana.com.br/ansi-align/-/ansi-align-2.0.0.tgz",
      "integrity": "sha1-w2rsy6VjuJzrVW82kPCx2eNUf38=",
      "requires": {
        "string-width": "2.1.1"
      }
    },
    "ansi-regex": {
      "version": "3.0.0",
      "resolved": "https://npm.lexana.com.br/ansi-regex/-/ansi-regex-3.0.0.tgz",
      "integrity": "sha1-7QMXwyIGT3lGbAKWa922Bas32Zg="
    },
    "ansi-styles": {
      "version": "3.2.0",
      "resolved": "https://npm.lexana.com.br/ansi-styles/-/ansi-styles-3.2.0.tgz",
      "integrity": "sha512-NnSOmMEYtVR2JVMIGTzynRkkaxtiq1xnFBcdQD/DnNCYPoEPsVJhM98BDyaoNOQIi7p4okdi3E27eN7GQbsUug==",
      "requires": {
        "color-convert": "1.9.1"
      }
    },
    "avvio": {
      "version": "3.2.0",
      "resolved": "https://npm.lexana.com.br/avvio/-/avvio-3.2.0.tgz",
      "integrity": "sha512-PkrFLbP2bSW+pAIvTSTdVDbrY/OxgaTc7A2Ni2pDgdReh7L3AH1GnxG9jzPIrMau0KHkJ9+X4ZLpVwKLZEJcAw==",
      "requires": {
        "debug": "3.1.0",
        "fastq": "1.5.0"
      }
    },
    "boxen": {
      "version": "1.3.0",
      "resolved": "https://npm.lexana.com.br/boxen/-/boxen-1.3.0.tgz",
      "integrity": "sha512-TNPjfTr432qx7yOjQyaXm3dSR0MH9vXp7eT1BFSl/C51g+EFnOR9hTg1IreahGBmDNCehscshe45f+C1TBZbLw==",
      "requires": {
        "ansi-align": "2.0.0",
        "camelcase": "4.1.0",
        "chalk": "2.3.0",
        "cli-boxes": "1.0.0",
        "string-width": "2.1.1",
        "term-size": "1.2.0",
        "widest-line": "2.0.0"
      }
    },
    "camelcase": {
      "version": "4.1.0",
      "resolved": "https://npm.lexana.com.br/camelcase/-/camelcase-4.1.0.tgz",
      "integrity": "sha1-1UVjW+HjPFQmScaRc+Xeas+uNN0="
    },
    "capture-stack-trace": {
      "version": "1.0.0",
      "resolved": "https://npm.lexana.com.br/capture-stack-trace/-/capture-stack-trace-1.0.0.tgz",
      "integrity": "sha1-Sm+gc5nCa7pH8LJJa00PtAjFVQ0="
    },
    "chalk": {
      "version": "2.3.0",
      "resolved": "https://npm.lexana.com.br/chalk/-/chalk-2.3.0.tgz",
      "integrity": "sha512-Az5zJR2CBujap2rqXGaJKaPHyJ0IrUimvYNX+ncCy8PJP4ltOGTrHUIo097ZaL2zMeKYpiCdqDvS6zdrTFok3Q==",
      "requires": {
        "ansi-styles": "3.2.0",
        "escape-string-regexp": "1.0.5",
        "supports-color": "4.5.0"
      }
    },
    "cli-boxes": {
      "version": "1.0.0",
      "resolved": "https://npm.lexana.com.br/cli-boxes/-/cli-boxes-1.0.0.tgz",
      "integrity": "sha1-T6kXw+WclKAEzWH47lCdplFocUM="
    },
    "co": {
      "version": "4.6.0",
      "resolved": "https://npm.lexana.com.br/co/-/co-4.6.0.tgz",
      "integrity": "sha1-bqa989hTrlTMuOR7+gvz+QMfsYQ="
    },
    "color-convert": {
      "version": "1.9.1",
      "resolved": "https://npm.lexana.com.br/color-convert/-/color-convert-1.9.1.tgz",
      "integrity": "sha512-mjGanIiwQJskCC18rPR6OmrZ6fm2Lc7PeGFYwCmy5J34wC6F1PzdGL6xeMfmgicfYcNLGuVFA3WzXtIDCQSZxQ==",
      "requires": {
        "color-name": "1.1.3"
      }
    },
    "color-name": {
      "version": "1.1.3",
      "resolved": "https://npm.lexana.com.br/color-name/-/color-name-1.1.3.tgz",
      "integrity": "sha1-p9BVi9icQveV3UIyj3QIMcpTvCU="
    },
    "configstore": {
      "version": "3.1.1",
      "resolved": "https://npm.lexana.com.br/configstore/-/configstore-3.1.1.tgz",
      "integrity": "sha512-5oNkD/L++l0O6xGXxb1EWS7SivtjfGQlRyxJsYgE0Z495/L81e2h4/d3r969hoPXuFItzNOKMtsXgYG4c7dYvw==",
      "requires": {
        "dot-prop": "4.2.0",
        "graceful-fs": "4.1.11",
        "make-dir": "1.1.0",
        "unique-string": "1.0.0",
        "write-file-atomic": "2.3.0",
        "xdg-basedir": "3.0.0"
      }
    },
    "core-util-is": {
      "version": "1.0.2",
      "resolved": "https://npm.lexana.com.br/core-util-is/-/core-util-is-1.0.2.tgz",
      "integrity": "sha1-tf1UIgqivFq1eqtxQMlAdUUDwac="
    },
    "create-error-class": {
      "version": "3.0.2",
      "resolved": "https://npm.lexana.com.br/create-error-class/-/create-error-class-3.0.2.tgz",
      "integrity": "sha1-Br56vvlHo/FKMP1hBnHUAbyot7Y=",
      "requires": {
        "capture-stack-trace": "1.0.0"
      }
    },
    "cross-spawn": {
      "version": "5.1.0",
      "resolved": "https://npm.lexana.com.br/cross-spawn/-/cross-spawn-5.1.0.tgz",
      "integrity": "sha1-6L0O/uWPz/b4+UUQoKVUu/ojVEk=",
      "requires": {
        "lru-cache": "4.1.1",
        "shebang-command": "1.2.0",
        "which": "1.3.0"
      }
    },
    "crypto-random-string": {
      "version": "1.0.0",
      "resolved": "https://npm.lexana.com.br/crypto-random-string/-/crypto-random-string-1.0.0.tgz",
      "integrity": "sha1-ojD2T1aDEOFJgAmUB5DsmVRbyn4="
    },
    "debug": {
      "version": "3.1.0",
      "resolved": "https://npm.lexana.com.br/debug/-/debug-3.1.0.tgz",
      "integrity": "sha512-OX8XqP7/1a9cqkxYw2yXss15f26NKWBpDXQd0/uK/KPqdQhxbPa994hnzjcE2VqQpDslf55723cKPUOGSmMY3g==",
      "requires": {
        "ms": "2.0.0"
      }
    },
    "deep-extend": {
      "version": "0.4.2",
      "resolved": "https://npm.lexana.com.br/deep-extend/-/deep-extend-0.4.2.tgz",
      "integrity": "sha1-SLaZwn4zS/ifEIkr5DL25MfTSn8="
    },
    "dot-prop": {
      "version": "4.2.0",
      "resolved": "https://npm.lexana.com.br/dot-prop/-/dot-prop-4.2.0.tgz",
      "integrity": "sha512-tUMXrxlExSW6U2EXiiKGSBVdYgtV8qlHL+C10TsW4PURY/ic+eaysnSkwB4kA/mBlCyy/IKDJ+Lc3wbWeaXtuQ==",
      "requires": {
        "is-obj": "1.0.1"
      }
    },
    "duplexer3": {
      "version": "0.1.4",
      "resolved": "https://npm.lexana.com.br/duplexer3/-/duplexer3-0.1.4.tgz",
      "integrity": "sha1-7gHdHKwO08vH/b6jfcCo8c4ALOI="
    },
    "end-of-stream": {
      "version": "1.4.0",
      "resolved": "https://npm.lexana.com.br/end-of-stream/-/end-of-stream-1.4.0.tgz",
      "integrity": "sha1-epDYM+/abPpurA9JSduw+tOmMgY=",
      "requires": {
        "once": "1.4.0"
      }
    },
    "escape-string-regexp": {
      "version": "1.0.5",
      "resolved": "https://npm.lexana.com.br/escape-string-regexp/-/escape-string-regexp-1.0.5.tgz",
      "integrity": "sha1-G2HAViGQqN/2rjuyzwIAyhMLhtQ="
    },
    "execa": {
      "version": "0.7.0",
      "resolved": "https://npm.lexana.com.br/execa/-/execa-0.7.0.tgz",
      "integrity": "sha1-lEvs00zEHuMqY6n68nrVpl/Fl3c=",
      "requires": {
        "cross-spawn": "5.1.0",
        "get-stream": "3.0.0",
        "is-stream": "1.1.0",
        "npm-run-path": "2.0.2",
        "p-finally": "1.0.0",
        "signal-exit": "3.0.2",
        "strip-eof": "1.0.0"
      }
    },
    "fast-deep-equal": {
      "version": "1.0.0",
      "resolved": "https://npm.lexana.com.br/fast-deep-equal/-/fast-deep-equal-1.0.0.tgz",
      "integrity": "sha1-liVqO8l1WV6zbYLpkp0GDYk0Of8="
    },
    "fast-iterator": {
      "version": "0.2.1",
      "resolved": "https://npm.lexana.com.br/fast-iterator/-/fast-iterator-0.2.1.tgz",
      "integrity": "sha512-APmMxsY5Lo7LHmuULf9xbnKbwFkAQPUOo2+eo9NnnmR3PnLqe4IIMlHevqwl6PdahTE/Uv16U2s5ffsC7Ys3jA==",
      "requires": {
        "reusify": "1.0.3"
      }
    },
    "fast-json-parse": {
      "version": "1.0.3",
      "resolved": "https://npm.lexana.com.br/fast-json-parse/-/fast-json-parse-1.0.3.tgz",
      "integrity": "sha512-FRWsaZRWEJ1ESVNbDWmsAlqDk96gPQezzLghafp5J4GUKjbCz3OkAHuZs5TuPEtkbVQERysLp9xv6c24fBm8Aw=="
    },
    "fast-json-stable-stringify": {
      "version": "2.0.0",
      "resolved": "https://npm.lexana.com.br/fast-json-stable-stringify/-/fast-json-stable-stringify-2.0.0.tgz",
      "integrity": "sha1-1RQsDK7msRifh9OnYREGT4bIu/I="
    },
    "fast-json-stringify": {
      "version": "0.15.1",
      "resolved": "https://npm.lexana.com.br/fast-json-stringify/-/fast-json-stringify-0.15.1.tgz",
      "integrity": "sha512-iX9GEfsU47GJAGKoQnxREqDEBpSMcjTcdVC1pyCLf0a1HSA1l/1b6FP1MdjQd3gR5BZkSkRvATh9AgQpRQ+Tyg==",
      "requires": {
        "ajv": "5.5.1",
        "fast-safe-stringify": "1.2.1"
      }
    },
    "fast-safe-stringify": {
      "version": "1.2.1",
      "resolved": "https://npm.lexana.com.br/fast-safe-stringify/-/fast-safe-stringify-1.2.1.tgz",
      "integrity": "sha512-g2UqeO0yyYjTSpiH4zJQk+IycRxyYRABjSf+TpmeMOn9uByzFIoX0y/HnweCFhKb+uuPwjIvqXuK/LTteEBhow=="
    },
    "fastify": {
      "version": "0.35.5",
      "resolved": "https://npm.lexana.com.br/fastify/-/fastify-0.35.5.tgz",
      "integrity": "sha512-JbIQVLJGhvQNTU0A6UftZ7ReEIbBY6BS++Lc5KRxQuzLpFD9lYDsyj1IUcJtWpBhgV+1TzA3EE5EFxTRr8Jyzg==",
      "requires": {
        "@types/node": "8.0.55",
        "@types/pino": "4.7.0",
        "abstract-logging": "1.0.0",
        "ajv": "5.5.1",
        "avvio": "3.2.0",
        "fast-iterator": "0.2.1",
        "fast-json-stringify": "0.15.1",
        "fastify-cli": "0.11.0",
        "find-my-way": "1.8.1",
        "flatstr": "1.0.5",
        "light-my-request": "1.1.1",
        "middie": "2.1.1",
        "pino": "4.10.2",
        "pump": "2.0.0"
      },
      "dependencies": {
        "fastify-cli": {
          "version": "0.11.0",
          "resolved": "https://npm.lexana.com.br/fastify-cli/-/fastify-cli-0.11.0.tgz",
          "integrity": "sha1-dk6MedlpMKvQhu0qA40R6yjyWdM=",
          "requires": {
            "minimist": "1.2.0",
            "pino-colada": "1.4.2",
            "pump": "1.0.3",
            "update-notifier": "2.3.0"
          },
          "dependencies": {
            "pump": {
              "version": "1.0.3",
              "resolved": "https://npm.lexana.com.br/pump/-/pump-1.0.3.tgz",
              "integrity": "sha512-8k0JupWme55+9tCVE+FS5ULT3K6AbgqrGa58lTT49RpyfwwcGedHqaC5LlQNdEAumn/wFsu6aPwkuPMioy8kqw==",
              "requires": {
                "end-of-stream": "1.4.0",
                "once": "1.4.0"
              }
            }
          }
        }
      }
    },
    "fastq": {
      "version": "1.5.0",
      "resolved": "https://npm.lexana.com.br/fastq/-/fastq-1.5.0.tgz",
      "integrity": "sha1-BeMv+5mewtlF3aJ0Yb8IlBQ2RIs=",
      "requires": {
        "reusify": "1.0.3"
      }
    },
    "find-my-way": {
      "version": "1.8.1",
      "resolved": "https://npm.lexana.com.br/find-my-way/-/find-my-way-1.8.1.tgz",
      "integrity": "sha512-iPS6dqcwtgqDJb5U4FEq3iPH0gzfwzsQF2Fvm78O9sXROli7o8kI7L+4FXruvIhLfwXlwSJfCUkS2bf+fJqcAw=="
    },
    "flatstr": {
      "version": "1.0.5",
      "resolved": "https://npm.lexana.com.br/flatstr/-/flatstr-1.0.5.tgz",
      "integrity": "sha1-W0UbCMvUji6sVKK74L9GFlqhS+M="
    },
    "get-stream": {
      "version": "3.0.0",
      "resolved": "https://npm.lexana.com.br/get-stream/-/get-stream-3.0.0.tgz",
      "integrity": "sha1-jpQ9E1jcN1VQVOy+LtsFqhdO3hQ="
    },
    "global-dirs": {
      "version": "0.1.1",
      "resolved": "https://npm.lexana.com.br/global-dirs/-/global-dirs-0.1.1.tgz",
      "integrity": "sha1-sxnA3UYH81PzvpzKTHL8FIxJ9EU=",
      "requires": {
        "ini": "1.3.5"
      }
    },
    "got": {
      "version": "6.7.1",
      "resolved": "https://npm.lexana.com.br/got/-/got-6.7.1.tgz",
      "integrity": "sha1-JAzQV4WpoY5WHcG0S0HHY+8ejbA=",
      "requires": {
        "create-error-class": "3.0.2",
        "duplexer3": "0.1.4",
        "get-stream": "3.0.0",
        "is-redirect": "1.0.0",
        "is-retry-allowed": "1.1.0",
        "is-stream": "1.1.0",
        "lowercase-keys": "1.0.0",
        "safe-buffer": "5.1.1",
        "timed-out": "4.0.1",
        "unzip-response": "2.0.1",
        "url-parse-lax": "1.0.0"
      }
    },
    "graceful-fs": {
      "version": "4.1.11",
      "resolved": "https://npm.lexana.com.br/graceful-fs/-/graceful-fs-4.1.11.tgz",
      "integrity": "sha1-Dovf5NHduIVNZOBOp8AOKgJuVlg="
    },
    "has-flag": {
      "version": "2.0.0",
      "resolved": "https://npm.lexana.com.br/has-flag/-/has-flag-2.0.0.tgz",
      "integrity": "sha1-6CB68cx7MNRGzHC3NLXovhj4jVE="
    },
    "import-lazy": {
      "version": "2.1.0",
      "resolved": "https://npm.lexana.com.br/import-lazy/-/import-lazy-2.1.0.tgz",
      "integrity": "sha1-BWmOPUXIjo1+nZLLBYTnfwlvPkM="
    },
    "imurmurhash": {
      "version": "0.1.4",
      "resolved": "https://npm.lexana.com.br/imurmurhash/-/imurmurhash-0.1.4.tgz",
      "integrity": "sha1-khi5srkoojixPcT7a21XbyMUU+o="
    },
    "inherits": {
      "version": "2.0.3",
      "resolved": "https://npm.lexana.com.br/inherits/-/inherits-2.0.3.tgz",
      "integrity": "sha1-Yzwsg+PaQqUC9SRmAiSA9CCCYd4="
    },
    "ini": {
      "version": "1.3.5",
      "resolved": "https://npm.lexana.com.br/ini/-/ini-1.3.5.tgz",
      "integrity": "sha512-RZY5huIKCMRWDUqZlEi72f/lmXKMvuszcMBduliQ3nnWbx9X/ZBQO7DijMEYS9EhHBb2qacRUMtC7svLwe0lcw=="
    },
    "is-finite": {
      "version": "1.0.2",
      "resolved": "https://npm.lexana.com.br/is-finite/-/is-finite-1.0.2.tgz",
      "integrity": "sha1-zGZ3aVYCvlUO8R6LSqYwU0K20Ko=",
      "requires": {
        "number-is-nan": "1.0.1"
      }
    },
    "is-fullwidth-code-point": {
      "version": "2.0.0",
      "resolved": "https://npm.lexana.com.br/is-fullwidth-code-point/-/is-fullwidth-code-point-2.0.0.tgz",
      "integrity": "sha1-o7MKXE8ZkYMWeqq5O+764937ZU8="
    },
    "is-installed-globally": {
      "version": "0.1.0",
      "resolved": "https://npm.lexana.com.br/is-installed-globally/-/is-installed-globally-0.1.0.tgz",
      "integrity": "sha1-Df2Y9akRFxbdU13aZJL2e/PSWoA=",
      "requires": {
        "global-dirs": "0.1.1",
        "is-path-inside": "1.0.1"
      }
    },
    "is-npm": {
      "version": "1.0.0",
      "resolved": "https://npm.lexana.com.br/is-npm/-/is-npm-1.0.0.tgz",
      "integrity": "sha1-8vtjpl5JBbQGyGBydloaTceTufQ="
    },
    "is-obj": {
      "version": "1.0.1",
      "resolved": "https://npm.lexana.com.br/is-obj/-/is-obj-1.0.1.tgz",
      "integrity": "sha1-PkcprB9f3gJc19g6iW2rn09n2w8="
    },
    "is-path-inside": {
      "version": "1.0.1",
      "resolved": "https://npm.lexana.com.br/is-path-inside/-/is-path-inside-1.0.1.tgz",
      "integrity": "sha1-jvW33lBDej/cprToZe96pVy0gDY=",
      "requires": {
        "path-is-inside": "1.0.2"
      }
    },
    "is-redirect": {
      "version": "1.0.0",
      "resolved": "https://npm.lexana.com.br/is-redirect/-/is-redirect-1.0.0.tgz",
      "integrity": "sha1-HQPd7VO9jbDzDCbk+V02/HyH3CQ="
    },
    "is-retry-allowed": {
      "version": "1.1.0",
      "resolved": "https://npm.lexana.com.br/is-retry-allowed/-/is-retry-allowed-1.1.0.tgz",
      "integrity": "sha1-EaBgVotnM5REAz0BJaYaINVk+zQ="
    },
    "is-stream": {
      "version": "1.1.0",
      "resolved": "https://npm.lexana.com.br/is-stream/-/is-stream-1.1.0.tgz",
      "integrity": "sha1-EtSj3U5o4Lec6428hBc66A2RykQ="
    },
    "isarray": {
      "version": "1.0.0",
      "resolved": "https://npm.lexana.com.br/isarray/-/isarray-1.0.0.tgz",
      "integrity": "sha1-u5NdSFgsuhaMBoNJV6VKPgcSTxE="
    },
    "isexe": {
      "version": "2.0.0",
      "resolved": "https://npm.lexana.com.br/isexe/-/isexe-2.0.0.tgz",
      "integrity": "sha1-6PvzdNxVb/iUehDcsFctYz8s+hA="
    },
    "json-schema-traverse": {
      "version": "0.3.1",
      "resolved": "https://npm.lexana.com.br/json-schema-traverse/-/json-schema-traverse-0.3.1.tgz",
      "integrity": "sha1-NJptRMU6Ud6JtAgFxdXlm0F9M0A="
    },
    "latest-version": {
      "version": "3.1.0",
      "resolved": "https://npm.lexana.com.br/latest-version/-/latest-version-3.1.0.tgz",
      "integrity": "sha1-ogU4P+oyKzO1rjsYq+4NwvNW7hU=",
      "requires": {
        "package-json": "4.0.1"
      }
    },
    "light-my-request": {
      "version": "1.1.1",
      "resolved": "https://npm.lexana.com.br/light-my-request/-/light-my-request-1.1.1.tgz",
      "integrity": "sha512-r+QAm0NMhrgX4r9bV086HOKinFZIL+en6RPQYSXUDVxOlXT4CJz1ggrdEjlE0Rop3CduQ+uM6F/Sd8PGEEi5aQ==",
      "requires": {
        "ajv": "5.5.1"
      }
    },
    "lowercase-keys": {
      "version": "1.0.0",
      "resolved": "https://npm.lexana.com.br/lowercase-keys/-/lowercase-keys-1.0.0.tgz",
      "integrity": "sha1-TjNms55/VFfjXxMkvfb4jQv8cwY="
    },
    "lru-cache": {
      "version": "4.1.1",
      "resolved": "https://npm.lexana.com.br/lru-cache/-/lru-cache-4.1.1.tgz",
      "integrity": "sha512-q4spe4KTfsAS1SUHLO0wz8Qiyf1+vMIAgpRYioFYDMNqKfHQbg+AVDH3i4fvpl71/P1L0dBl+fQi+P37UYf0ew==",
      "requires": {
        "pseudomap": "1.0.2",
        "yallist": "2.1.2"
      }
    },
    "make-dir": {
      "version": "1.1.0",
      "resolved": "https://npm.lexana.com.br/make-dir/-/make-dir-1.1.0.tgz",
      "integrity": "sha512-0Pkui4wLJ7rxvmfUvs87skoEaxmu0hCUApF8nonzpl7q//FWp9zu8W61Scz4sd/kUiqDxvUhtoam2efDyiBzcA==",
      "requires": {
        "pify": "3.0.0"
      }
    },
    "middie": {
      "version": "2.1.1",
      "resolved": "https://npm.lexana.com.br/middie/-/middie-2.1.1.tgz",
      "integrity": "sha512-e8paYzisygG1Yc0xObWqw5r9tdkYOOpNdOZ69H6QCVz6XXX/5z0vt9gd9O0JCezxmFEEh0xmr8YZLrgNPEhKRw==",
      "requires": {
        "path-to-regexp": "2.1.0",
        "reusify": "1.0.3"
      }
    },
    "minimist": {
      "version": "1.2.0",
      "resolved": "https://npm.lexana.com.br/minimist/-/minimist-1.2.0.tgz",
      "integrity": "sha1-o1AIsg9BOD7sH7kU9M1d95omQoQ="
    },
    "ms": {
      "version": "2.0.0",
      "resolved": "https://npm.lexana.com.br/ms/-/ms-2.0.0.tgz",
      "integrity": "sha1-VgiurfwAvmwpAd9fmGF4jeDVl8g="
    },
    "npm-run-path": {
      "version": "2.0.2",
      "resolved": "https://npm.lexana.com.br/npm-run-path/-/npm-run-path-2.0.2.tgz",
      "integrity": "sha1-NakjLfo11wZ7TLLd8jV7GHFTbF8=",
      "requires": {
        "path-key": "2.0.1"
      }
    },
    "number-is-nan": {
      "version": "1.0.1",
      "resolved": "https://npm.lexana.com.br/number-is-nan/-/number-is-nan-1.0.1.tgz",
      "integrity": "sha1-CXtgK1NCKlIsGvuHkDGDNpQaAR0="
    },
    "once": {
      "version": "1.4.0",
      "resolved": "https://npm.lexana.com.br/once/-/once-1.4.0.tgz",
      "integrity": "sha1-WDsap3WWHUsROsF9nFC6753Xa9E=",
      "requires": {
        "wrappy": "1.0.2"
      }
    },
    "p-finally": {
      "version": "1.0.0",
      "resolved": "https://npm.lexana.com.br/p-finally/-/p-finally-1.0.0.tgz",
      "integrity": "sha1-P7z7FbiZpEEjs0ttzBi3JDNqLK4="
    },
    "package-json": {
      "version": "4.0.1",
      "resolved": "https://npm.lexana.com.br/package-json/-/package-json-4.0.1.tgz",
      "integrity": "sha1-iGmgQBJTZhxMTKPabCEh7VVfXu0=",
      "requires": {
        "got": "6.7.1",
        "registry-auth-token": "3.3.1",
        "registry-url": "3.1.0",
        "semver": "5.4.1"
      }
    },
    "pad-left": {
      "version": "2.1.0",
      "resolved": "https://npm.lexana.com.br/pad-left/-/pad-left-2.1.0.tgz",
      "integrity": "sha1-FuajstRKjhOMsIOMx8tAOk/J6ZQ=",
      "requires": {
        "repeat-string": "1.6.1"
      }
    },
    "pad-right": {
      "version": "0.2.2",
      "resolved": "https://npm.lexana.com.br/pad-right/-/pad-right-0.2.2.tgz",
      "integrity": "sha1-b7ySQEXSRPKiokRQMGDTv8YAl3Q=",
      "requires": {
        "repeat-string": "1.6.1"
      }
    },
    "parse-ms": {
      "version": "1.0.1",
      "resolved": "https://npm.lexana.com.br/parse-ms/-/parse-ms-1.0.1.tgz",
      "integrity": "sha1-VjRtR0nXjyNDDKDHE4UK75GqNh0="
    },
    "path-is-inside": {
      "version": "1.0.2",
      "resolved": "https://npm.lexana.com.br/path-is-inside/-/path-is-inside-1.0.2.tgz",
      "integrity": "sha1-NlQX3t5EQw0cEa9hAn+s8HS9/FM="
    },
    "path-key": {
      "version": "2.0.1",
      "resolved": "https://npm.lexana.com.br/path-key/-/path-key-2.0.1.tgz",
      "integrity": "sha1-QRyttXTFoUDTpLGRDUDYDMn0C0A="
    },
    "path-to-regexp": {
      "version": "2.1.0",
      "resolved": "https://npm.lexana.com.br/path-to-regexp/-/path-to-regexp-2.1.0.tgz",
      "integrity": "sha512-dZY7QPCPp5r9cnNuQ955mOv4ZFVDXY/yvqeV7Y1W2PJA3PEFcuow9xKFfJxbBj1pIjOAP+M2B4/7xubmykLrXw=="
    },
    "pify": {
      "version": "3.0.0",
      "resolved": "https://npm.lexana.com.br/pify/-/pify-3.0.0.tgz",
      "integrity": "sha1-5aSs0sEB/fPZpNB/DbxNtJ3SgXY="
    },
    "pino": {
      "version": "4.10.2",
      "resolved": "https://npm.lexana.com.br/pino/-/pino-4.10.2.tgz",
      "integrity": "sha512-hNNDgOju2UvK4iKqXR3ZwEutoOujBRN9jfQgty/X4B3q1QOqpWqvmVn+GT/a20o8Jw5Wd7VkGJAdgFQg55a+mw==",
      "requires": {
        "chalk": "2.3.0",
        "fast-json-parse": "1.0.3",
        "fast-safe-stringify": "1.2.1",
        "flatstr": "1.0.5",
        "pump": "1.0.3",
        "quick-format-unescaped": "1.1.1",
        "split2": "2.2.0"
      },
      "dependencies": {
        "pump": {
          "version": "1.0.3",
          "resolved": "https://npm.lexana.com.br/pump/-/pump-1.0.3.tgz",
          "integrity": "sha512-8k0JupWme55+9tCVE+FS5ULT3K6AbgqrGa58lTT49RpyfwwcGedHqaC5LlQNdEAumn/wFsu6aPwkuPMioy8kqw==",
          "requires": {
            "end-of-stream": "1.4.0",
            "once": "1.4.0"
          }
        }
      }
    },
    "pino-colada": {
      "version": "1.4.2",
      "resolved": "https://npm.lexana.com.br/pino-colada/-/pino-colada-1.4.2.tgz",
      "integrity": "sha1-pLTX4a/pVCXrxmXagYxSZgAtEyQ=",
      "requires": {
        "chalk": "2.3.0",
        "fast-json-parse": "1.0.3",
        "pad-left": "2.1.0",
        "pad-right": "0.2.2",
        "prettier-bytes": "1.0.4",
        "pretty-ms": "2.1.0",
        "split2": "2.2.0"
      }
    },
    "plur": {
      "version": "1.0.0",
      "resolved": "https://npm.lexana.com.br/plur/-/plur-1.0.0.tgz",
      "integrity": "sha1-24XGgU9eXlo7Se/CjWBP7GKXUVY="
    },
    "prepend-http": {
      "version": "1.0.4",
      "resolved": "https://npm.lexana.com.br/prepend-http/-/prepend-http-1.0.4.tgz",
      "integrity": "sha1-1PRWKwzjaW5BrFLQ4ALlemNdxtw="
    },
    "prettier-bytes": {
      "version": "1.0.4",
      "resolved": "https://npm.lexana.com.br/prettier-bytes/-/prettier-bytes-1.0.4.tgz",
      "integrity": "sha1-mUsCqkb2mcULYle1+qp/4lV+YtY="
    },
    "pretty-ms": {
      "version": "2.1.0",
      "resolved": "https://npm.lexana.com.br/pretty-ms/-/pretty-ms-2.1.0.tgz",
      "integrity": "sha1-QlfCVt8/sLRR1q/6qwIYhBJpgdw=",
      "requires": {
        "is-finite": "1.0.2",
        "parse-ms": "1.0.1",
        "plur": "1.0.0"
      }
    },
    "process-nextick-args": {
      "version": "1.0.7",
      "resolved": "https://npm.lexana.com.br/process-nextick-args/-/process-nextick-args-1.0.7.tgz",
      "integrity": "sha1-FQ4gt1ZZCtP5EJPyWk8q2L/zC6M="
    },
    "pseudomap": {
      "version": "1.0.2",
      "resolved": "https://npm.lexana.com.br/pseudomap/-/pseudomap-1.0.2.tgz",
      "integrity": "sha1-8FKijacOYYkX7wqKw0wa5aaChrM="
    },
    "pump": {
      "version": "2.0.0",
      "resolved": "https://npm.lexana.com.br/pump/-/pump-2.0.0.tgz",
      "integrity": "sha512-6MYypjOvtiXhBSTOD0Zs5eNjCGfnqi5mPsCsW+dgKTxrZzQMZQNpBo3XRkLx7id753f3EeyHLBqzqqUymIolgw==",
      "requires": {
        "end-of-stream": "1.4.0",
        "once": "1.4.0"
      }
    },
    "quick-format-unescaped": {
      "version": "1.1.1",
      "resolved": "https://npm.lexana.com.br/quick-format-unescaped/-/quick-format-unescaped-1.1.1.tgz",
      "integrity": "sha1-53VV7z5m4QXUA54T73kgEoT+6RY=",
      "requires": {
        "fast-safe-stringify": "1.2.1"
      }
    },
    "rc": {
      "version": "1.2.2",
      "resolved": "https://npm.lexana.com.br/rc/-/rc-1.2.2.tgz",
      "integrity": "sha1-2M6ctX6NZNnHut2YdsfDTL48cHc=",
      "requires": {
        "deep-extend": "0.4.2",
        "ini": "1.3.5",
        "minimist": "1.2.0",
        "strip-json-comments": "2.0.1"
      }
    },
    "readable-stream": {
      "version": "2.3.3",
      "resolved": "https://npm.lexana.com.br/readable-stream/-/readable-stream-2.3.3.tgz",
      "integrity": "sha512-m+qzzcn7KUxEmd1gMbchF+Y2eIUbieUaxkWtptyHywrX0rE8QEYqPC07Vuy4Wm32/xE16NcdBctb8S0Xe/5IeQ==",
      "requires": {
        "core-util-is": "1.0.2",
        "inherits": "2.0.3",
        "isarray": "1.0.0",
        "process-nextick-args": "1.0.7",
        "safe-buffer": "5.1.1",
        "string_decoder": "1.0.3",
        "util-deprecate": "1.0.2"
      }
    },
    "registry-auth-token": {
      "version": "3.3.1",
      "resolved": "https://npm.lexana.com.br/registry-auth-token/-/registry-auth-token-3.3.1.tgz",
      "integrity": "sha1-+w0yie4Nmtosu1KvXf5mywcNMAY=",
      "requires": {
        "rc": "1.2.2",
        "safe-buffer": "5.1.1"
      }
    },
    "registry-url": {
      "version": "3.1.0",
      "resolved": "https://npm.lexana.com.br/registry-url/-/registry-url-3.1.0.tgz",
      "integrity": "sha1-PU74cPc93h138M+aOBQyRE4XSUI=",
      "requires": {
        "rc": "1.2.2"
      }
    },
    "repeat-string": {
      "version": "1.6.1",
      "resolved": "https://npm.lexana.com.br/repeat-string/-/repeat-string-1.6.1.tgz",
      "integrity": "sha1-jcrkcOHIirwtYA//Sndihtp15jc="
    },
    "reusify": {
      "version": "1.0.3",
      "resolved": "https://npm.lexana.com.br/reusify/-/reusify-1.0.3.tgz",
      "integrity": "sha512-t8ZQIaf4CHxy8mb4QddDuGOygGiSSiJHMZrtrC+4E7urVtqON4dHVwmV0gfiBOE1tt5p1puae6o8e0b3wkr1Ag=="
    },
    "safe-buffer": {
      "version": "5.1.1",
      "resolved": "https://npm.lexana.com.br/safe-buffer/-/safe-buffer-5.1.1.tgz",
      "integrity": "sha512-kKvNJn6Mm93gAczWVJg7wH+wGYWNrDHdWvpUmHyEsgCtIwwo3bqPtV4tR5tuPaUhTOo/kvhVwd8XwwOllGYkbg=="
    },
    "semver": {
      "version": "5.4.1",
      "resolved": "https://npm.lexana.com.br/semver/-/semver-5.4.1.tgz",
      "integrity": "sha512-WfG/X9+oATh81XtllIo/I8gOiY9EXRdv1cQdyykeXK17YcUW3EXUAi2To4pcH6nZtJPr7ZOpM5OMyWJZm+8Rsg=="
    },
    "semver-diff": {
      "version": "2.1.0",
      "resolved": "https://npm.lexana.com.br/semver-diff/-/semver-diff-2.1.0.tgz",
      "integrity": "sha1-S7uEN8jTfksM8aaP1ybsbWRdbTY=",
      "requires": {
        "semver": "5.4.1"
      }
    },
    "shebang-command": {
      "version": "1.2.0",
      "resolved": "https://npm.lexana.com.br/shebang-command/-/shebang-command-1.2.0.tgz",
      "integrity": "sha1-RKrGW2lbAzmJaMOfNj/uXer98eo=",
      "requires": {
        "shebang-regex": "1.0.0"
      }
    },
    "shebang-regex": {
      "version": "1.0.0",
      "resolved": "https://npm.lexana.com.br/shebang-regex/-/shebang-regex-1.0.0.tgz",
      "integrity": "sha1-2kL0l0DAtC2yypcoVxyxkMmO/qM="
    },
    "signal-exit": {
      "version": "3.0.2",
      "resolved": "https://npm.lexana.com.br/signal-exit/-/signal-exit-3.0.2.tgz",
      "integrity": "sha1-tf3AjxKH6hF4Yo5BXiUTK3NkbG0="
    },
    "split2": {
      "version": "2.2.0",
      "resolved": "https://npm.lexana.com.br/split2/-/split2-2.2.0.tgz",
      "integrity": "sha512-RAb22TG39LhI31MbreBgIuKiIKhVsawfTgEGqKHTK87aG+ul/PB8Sqoi3I7kVdRWiCfrKxK3uo4/YUkpNvhPbw==",
      "requires": {
        "through2": "2.0.3"
      }
    },
    "string-width": {
      "version": "2.1.1",
      "resolved": "https://npm.lexana.com.br/string-width/-/string-width-2.1.1.tgz",
      "integrity": "sha512-nOqH59deCq9SRHlxq1Aw85Jnt4w6KvLKqWVik6oA9ZklXLNIOlqg4F2yrT1MVaTjAqvVwdfeZ7w7aCvJD7ugkw==",
      "requires": {
        "is-fullwidth-code-point": "2.0.0",
        "strip-ansi": "4.0.0"
      }
    },
    "string_decoder": {
      "version": "1.0.3",
      "resolved": "https://npm.lexana.com.br/string_decoder/-/string_decoder-1.0.3.tgz",
      "integrity": "sha512-4AH6Z5fzNNBcH+6XDMfA/BTt87skxqJlO0lAh3Dker5zThcAxG6mKz+iGu308UKoPPQ8Dcqx/4JhujzltRa+hQ==",
      "requires": {
        "safe-buffer": "5.1.1"
      }
    },
    "strip-ansi": {
      "version": "4.0.0",
      "resolved": "https://npm.lexana.com.br/strip-ansi/-/strip-ansi-4.0.0.tgz",
      "integrity": "sha1-qEeQIusaw2iocTibY1JixQXuNo8=",
      "requires": {
        "ansi-regex": "3.0.0"
      }
    },
    "strip-eof": {
      "version": "1.0.0",
      "resolved": "https://npm.lexana.com.br/strip-eof/-/strip-eof-1.0.0.tgz",
      "integrity": "sha1-u0P/VZim6wXYm1n80SnJgzE2Br8="
    },
    "strip-json-comments": {
      "version": "2.0.1",
      "resolved": "https://npm.lexana.com.br/strip-json-comments/-/strip-json-comments-2.0.1.tgz",
      "integrity": "sha1-PFMZQukIwml8DsNEhYwobHygpgo="
    },
    "supports-color": {
      "version": "4.5.0",
      "resolved": "https://npm.lexana.com.br/supports-color/-/supports-color-4.5.0.tgz",
      "integrity": "sha1-vnoN5ITexcXN34s9WRJQRJEvY1s=",
      "requires": {
        "has-flag": "2.0.0"
      }
    },
    "term-size": {
      "version": "1.2.0",
      "resolved": "https://npm.lexana.com.br/term-size/-/term-size-1.2.0.tgz",
      "integrity": "sha1-RYuDiH8oj8Vtb/+/rSYuJmOO+mk=",
      "requires": {
        "execa": "0.7.0"
      }
    },
    "through2": {
      "version": "2.0.3",
      "resolved": "https://npm.lexana.com.br/through2/-/through2-2.0.3.tgz",
      "integrity": "sha1-AARWmzfHx0ujnEPzzteNGtlBQL4=",
      "requires": {
        "readable-stream": "2.3.3",
        "xtend": "4.0.1"
      }
    },
    "timed-out": {
      "version": "4.0.1",
      "resolved": "https://npm.lexana.com.br/timed-out/-/timed-out-4.0.1.tgz",
      "integrity": "sha1-8y6srFoXW+ol1/q1Zas+2HQe9W8="
    },
    "unique-string": {
      "version": "1.0.0",
      "resolved": "https://npm.lexana.com.br/unique-string/-/unique-string-1.0.0.tgz",
      "integrity": "sha1-nhBXzKhRq7kzmPizOuGHuZyuwRo=",
      "requires": {
        "crypto-random-string": "1.0.0"
      }
    },
    "unzip-response": {
      "version": "2.0.1",
      "resolved": "https://npm.lexana.com.br/unzip-response/-/unzip-response-2.0.1.tgz",
      "integrity": "sha1-0vD3N9FrBhXnKmk17QQhRXLVb5c="
    },
    "update-notifier": {
      "version": "2.3.0",
      "resolved": "https://npm.lexana.com.br/update-notifier/-/update-notifier-2.3.0.tgz",
      "integrity": "sha1-TognpruRUUCrCTVZ1wFOPruDdFE=",
      "requires": {
        "boxen": "1.3.0",
        "chalk": "2.3.0",
        "configstore": "3.1.1",
        "import-lazy": "2.1.0",
        "is-installed-globally": "0.1.0",
        "is-npm": "1.0.0",
        "latest-version": "3.1.0",
        "semver-diff": "2.1.0",
        "xdg-basedir": "3.0.0"
      }
    },
    "url-parse-lax": {
      "version": "1.0.0",
      "resolved": "https://npm.lexana.com.br/url-parse-lax/-/url-parse-lax-1.0.0.tgz",
      "integrity": "sha1-evjzA2Rem9eaJy56FKxovAYJ2nM=",
      "requires": {
        "prepend-http": "1.0.4"
      }
    },
    "util-deprecate": {
      "version": "1.0.2",
      "resolved": "https://npm.lexana.com.br/util-deprecate/-/util-deprecate-1.0.2.tgz",
      "integrity": "sha1-RQ1Nyfpw3nMnYvvS1KKJgUGaDM8="
    },
    "which": {
      "version": "1.3.0",
      "resolved": "https://npm.lexana.com.br/which/-/which-1.3.0.tgz",
      "integrity": "sha512-xcJpopdamTuY5duC/KnTTNBraPK54YwpenP4lzxU8H91GudWpFv38u0CKjclE1Wi2EH2EDz5LRcHcKbCIzqGyg==",
      "requires": {
        "isexe": "2.0.0"
      }
    },
    "widest-line": {
      "version": "2.0.0",
      "resolved": "https://npm.lexana.com.br/widest-line/-/widest-line-2.0.0.tgz",
      "integrity": "sha1-AUKk6KJD+IgsAjOqDgKBqnYVInM=",
      "requires": {
        "string-width": "2.1.1"
      }
    },
    "wrappy": {
      "version": "1.0.2",
      "resolved": "https://npm.lexana.com.br/wrappy/-/wrappy-1.0.2.tgz",
      "integrity": "sha1-tSQ9jz7BqjXxNkYFvA0QNuMKtp8="
    },
    "write-file-atomic": {
      "version": "2.3.0",
      "resolved": "https://npm.lexana.com.br/write-file-atomic/-/write-file-atomic-2.3.0.tgz",
      "integrity": "sha512-xuPeK4OdjWqtfi59ylvVL0Yn35SF3zgcAcv7rBPFHVaEapaDr4GdGgm3j7ckTwH9wHL7fGmgfAnb0+THrHb8tA==",
      "requires": {
        "graceful-fs": "4.1.11",
        "imurmurhash": "0.1.4",
        "signal-exit": "3.0.2"
      }
    },
    "xdg-basedir": {
      "version": "3.0.0",
      "resolved": "https://npm.lexana.com.br/xdg-basedir/-/xdg-basedir-3.0.0.tgz",
      "integrity": "sha1-SWsswQnsqNus/i3HK2A8F8WHCtQ="
    },
    "xtend": {
      "version": "4.0.1",
      "resolved": "https://npm.lexana.com.br/xtend/-/xtend-4.0.1.tgz",
      "integrity": "sha1-pcbVMr5lbiPbgg77lDofBJmNY68="
    },
    "yallist": {
      "version": "2.1.2",
      "resolved": "https://npm.lexana.com.br/yallist/-/yallist-2.1.2.tgz",
      "integrity": "sha1-HBH5IY8HYImkfdUS+TxmmaaoHVI="
    }
  }
}
